
Microsoft Visual Studio Solution File, Format Version 12.00
# Visual Studio 2013
VisualStudioVersion = 12.0.21005.1
MinimumVisualStudioVersion = 10.0.40219.1
Project("{FAE04EC0-301F-11D3-BF4B-00C04F79EFBC}") = "spAuto", "spAuto\spAuto.csproj", "{790EDF2B-578E-4C4C-AB00-6D0FA93CE628}"
	ProjectSection(ProjectDependencies) = postProject
		{1F27233B-DD04-4C96-B046-1425096226FE} = {1F27233B-DD04-4C96-B046-1425096226FE}
		{5FE38647-BDBA-4722-AC72-878EB0A38F1F} = {5FE38647-BDBA-4722-AC72-878EB0A38F1F}
		{B85F3871-68B9-424F-8996-84FCB907529E} = {B85F3871-68B9-424F-8996-84FCB907529E}
		{1D99A284-0657-4948-82D1-042A44B865CD} = {1D99A284-0657-4948-82D1-042A44B865CD}
		{C5AAB995-1C9E-4781-B02E-3D8D86D277D6} = {C5AAB995-1C9E-4781-B02E-3D8D86D277D6}
		{3BDC7AF7-675C-4212-9ECA-7915E53343E7} = {3BDC7AF7-675C-4212-9ECA-7915E53343E7}
	EndProjectSection
EndProject
Project("{FAE04EC0-301F-11D3-BF4B-00C04F79EFBC}") = "ezTools", "ezTools\ezTools.csproj", "{1F27233B-DD04-4C96-B046-1425096226FE}"
	ProjectSection(ProjectDependencies) = postProject
		{B85F3871-68B9-424F-8996-84FCB907529E} = {B85F3871-68B9-424F-8996-84FCB907529E}
	EndProjectSection
EndProject
Project("{FAE04EC0-301F-11D3-BF4B-00C04F79EFBC}") = "ezAutoMom", "ezAuto_Mom\ezAutoMom.csproj", "{C5AAB995-1C9E-4781-B02E-3D8D86D277D6}"
	ProjectSection(ProjectDependencies) = postProject
		{1F27233B-DD04-4C96-B046-1425096226FE} = {1F27233B-DD04-4C96-B046-1425096226FE}
		{5FE38647-BDBA-4722-AC72-878EB0A38F1F} = {5FE38647-BDBA-4722-AC72-878EB0A38F1F}
	EndProjectSection
EndProject
Project("{FAE04EC0-301F-11D3-BF4B-00C04F79EFBC}") = "ezCam", "ezCam\ezCam.csproj", "{50829B09-147B-4A52-A7BC-084A4078E53E}"
EndProject
Project("{FAE04EC0-301F-11D3-BF4B-00C04F79EFBC}") = "ezAxis", "ezAxis\ezAxis.csproj", "{5FE38647-BDBA-4722-AC72-878EB0A38F1F}"
EndProject
Project("{2150E333-8FDC-42A3-9474-1A3956D46DE8}") = "Solution Items", "Solution Items", "{91F89D90-4EEC-47AA-B6FD-07C0B21E54AA}"
EndProject
Project("{FAE04EC0-301F-11D3-BF4B-00C04F79EFBC}") = "ezAuto_EFEM", "ezAuto_EFEM\ezAuto_EFEM.csproj", "{F85AC0E7-8663-4DB8-9EDA-E0D4C54EC042}"
	ProjectSection(ProjectDependencies) = postProject
		{5FE38647-BDBA-4722-AC72-878EB0A38F1F} = {5FE38647-BDBA-4722-AC72-878EB0A38F1F}
	EndProjectSection
EndProject
Project("{8BC9CEB8-8B4A-11D0-8D11-00A0C91BC942}") = "ezCpp", "ezCpp\ezCpp.vcxproj", "{B85F3871-68B9-424F-8996-84FCB907529E}"
EndProject
Project("{8BC9CEB8-8B4A-11D0-8D11-00A0C91BC942}") = "ezATI3D_CPP", "ezATI3D_CPP\ezATI3D_CPP.vcxproj", "{1D99A284-0657-4948-82D1-042A44B865CD}"
EndProject
Project("{8BC9CEB8-8B4A-11D0-8D11-00A0C91BC942}") = "ezATI3D_CLR", "ezATI3D_CLR\ezATI3D_CLR.vcxproj", "{3BDC7AF7-675C-4212-9ECA-7915E53343E7}"
EndProject
Global
	GlobalSection(SolutionConfigurationPlatforms) = preSolution
		Debug|Any CPU = Debug|Any CPU
		Debug|Mixed Platforms = Debug|Mixed Platforms
		Debug|Win32 = Debug|Win32
		Debug|x64 = Debug|x64
		Debug|x86 = Debug|x86
		Release|Any CPU = Release|Any CPU
		Release|Mixed Platforms = Release|Mixed Platforms
		Release|Win32 = Release|Win32
		Release|x64 = Release|x64
		Release|x86 = Release|x86
	EndGlobalSection
	GlobalSection(ProjectConfigurationPlatforms) = postSolution
		{790EDF2B-578E-4C4C-AB00-6D0FA93CE628}.Debug|Any CPU.ActiveCfg = Debug|Any CPU
		{790EDF2B-578E-4C4C-AB00-6D0FA93CE628}.Debug|Any CPU.Build.0 = Debug|Any CPU
		{790EDF2B-578E-4C4C-AB00-6D0FA93CE628}.Debug|Mixed Platforms.ActiveCfg = Debug|x64
		{790EDF2B-578E-4C4C-AB00-6D0FA93CE628}.Debug|Mixed Platforms.Build.0 = Debug|x64
		{790EDF2B-578E-4C4C-AB00-6D0FA93CE628}.Debug|Win32.ActiveCfg = Debug|x86
		{790EDF2B-578E-4C4C-AB00-6D0FA93CE628}.Debug|Win32.Build.0 = Debug|x86
		{790EDF2B-578E-4C4C-AB00-6D0FA93CE628}.Debug|x64.ActiveCfg = Debug|x64
		{790EDF2B-578E-4C4C-AB00-6D0FA93CE628}.Debug|x64.Build.0 = Debug|x64
		{790EDF2B-578E-4C4C-AB00-6D0FA93CE628}.Debug|x86.ActiveCfg = Debug|x86
		{790EDF2B-578E-4C4C-AB00-6D0FA93CE628}.Debug|x86.Build.0 = Debug|x86
		{790EDF2B-578E-4C4C-AB00-6D0FA93CE628}.Release|Any CPU.ActiveCfg = Release|Any CPU
		{790EDF2B-578E-4C4C-AB00-6D0FA93CE628}.Release|Any CPU.Build.0 = Release|Any CPU
		{790EDF2B-578E-4C4C-AB00-6D0FA93CE628}.Release|Mixed Platforms.ActiveCfg = Release|Any CPU
		{790EDF2B-578E-4C4C-AB00-6D0FA93CE628}.Release|Mixed Platforms.Build.0 = Release|Any CPU
		{790EDF2B-578E-4C4C-AB00-6D0FA93CE628}.Release|Win32.ActiveCfg = Release|x86
		{790EDF2B-578E-4C4C-AB00-6D0FA93CE628}.Release|Win32.Build.0 = Release|x86
		{790EDF2B-578E-4C4C-AB00-6D0FA93CE628}.Release|x64.ActiveCfg = Release|x64
		{790EDF2B-578E-4C4C-AB00-6D0FA93CE628}.Release|x64.Build.0 = Release|x64
		{790EDF2B-578E-4C4C-AB00-6D0FA93CE628}.Release|x86.ActiveCfg = Release|x86
		{790EDF2B-578E-4C4C-AB00-6D0FA93CE628}.Release|x86.Build.0 = Release|x86
		{1F27233B-DD04-4C96-B046-1425096226FE}.Debug|Any CPU.ActiveCfg = Debug|Any CPU
		{1F27233B-DD04-4C96-B046-1425096226FE}.Debug|Any CPU.Build.0 = Debug|Any CPU
		{1F27233B-DD04-4C96-B046-1425096226FE}.Debug|Mixed Platforms.ActiveCfg = Debug|x64
		{1F27233B-DD04-4C96-B046-1425096226FE}.Debug|Mixed Platforms.Build.0 = Debug|x64
		{1F27233B-DD04-4C96-B046-1425096226FE}.Debug|Win32.ActiveCfg = Debug|x86
		{1F27233B-DD04-4C96-B046-1425096226FE}.Debug|Win32.Build.0 = Debug|x86
		{1F27233B-DD04-4C96-B046-1425096226FE}.Debug|x64.ActiveCfg = Debug|x64
		{1F27233B-DD04-4C96-B046-1425096226FE}.Debug|x64.Build.0 = Debug|x64
		{1F27233B-DD04-4C96-B046-1425096226FE}.Debug|x86.ActiveCfg = Debug|x86
		{1F27233B-DD04-4C96-B046-1425096226FE}.Debug|x86.Build.0 = Debug|x86
		{1F27233B-DD04-4C96-B046-1425096226FE}.Release|Any CPU.ActiveCfg = Release|Any CPU
		{1F27233B-DD04-4C96-B046-1425096226FE}.Release|Any CPU.Build.0 = Release|Any CPU
		{1F27233B-DD04-4C96-B046-1425096226FE}.Release|Mixed Platforms.ActiveCfg = Release|Any CPU
		{1F27233B-DD04-4C96-B046-1425096226FE}.Release|Mixed Platforms.Build.0 = Release|Any CPU
		{1F27233B-DD04-4C96-B046-1425096226FE}.Release|Win32.ActiveCfg = Release|x86
		{1F27233B-DD04-4C96-B046-1425096226FE}.Release|Win32.Build.0 = Release|x86
		{1F27233B-DD04-4C96-B046-1425096226FE}.Release|x64.ActiveCfg = Release|x64
		{1F27233B-DD04-4C96-B046-1425096226FE}.Release|x64.Build.0 = Release|x64
		{1F27233B-DD04-4C96-B046-1425096226FE}.Release|x86.ActiveCfg = Release|x86
		{1F27233B-DD04-4C96-B046-1425096226FE}.Release|x86.Build.0 = Release|x86
		{C5AAB995-1C9E-4781-B02E-3D8D86D277D6}.Debug|Any CPU.ActiveCfg = Debug|Any CPU
		{C5AAB995-1C9E-4781-B02E-3D8D86D277D6}.Debug|Any CPU.Build.0 = Debug|Any CPU
		{C5AAB995-1C9E-4781-B02E-3D8D86D277D6}.Debug|Mixed Platforms.ActiveCfg = Debug|x64
		{C5AAB995-1C9E-4781-B02E-3D8D86D277D6}.Debug|Mixed Platforms.Build.0 = Debug|x64
		{C5AAB995-1C9E-4781-B02E-3D8D86D277D6}.Debug|Win32.ActiveCfg = Debug|x86
		{C5AAB995-1C9E-4781-B02E-3D8D86D277D6}.Debug|Win32.Build.0 = Debug|x86
		{C5AAB995-1C9E-4781-B02E-3D8D86D277D6}.Debug|x64.ActiveCfg = Debug|x64
		{C5AAB995-1C9E-4781-B02E-3D8D86D277D6}.Debug|x64.Build.0 = Debug|x64
		{C5AAB995-1C9E-4781-B02E-3D8D86D277D6}.Debug|x86.ActiveCfg = Debug|x86
		{C5AAB995-1C9E-4781-B02E-3D8D86D277D6}.Debug|x86.Build.0 = Debug|x86
		{C5AAB995-1C9E-4781-B02E-3D8D86D277D6}.Release|Any CPU.ActiveCfg = Release|Any CPU
		{C5AAB995-1C9E-4781-B02E-3D8D86D277D6}.Release|Any CPU.Build.0 = Release|Any CPU
		{C5AAB995-1C9E-4781-B02E-3D8D86D277D6}.Release|Mixed Platforms.ActiveCfg = Release|Any CPU
		{C5AAB995-1C9E-4781-B02E-3D8D86D277D6}.Release|Mixed Platforms.Build.0 = Release|Any CPU
		{C5AAB995-1C9E-4781-B02E-3D8D86D277D6}.Release|Win32.ActiveCfg = Release|x86
		{C5AAB995-1C9E-4781-B02E-3D8D86D277D6}.Release|Win32.Build.0 = Release|x86
		{C5AAB995-1C9E-4781-B02E-3D8D86D277D6}.Release|x64.ActiveCfg = Release|x64
		{C5AAB995-1C9E-4781-B02E-3D8D86D277D6}.Release|x64.Build.0 = Release|x64
		{C5AAB995-1C9E-4781-B02E-3D8D86D277D6}.Release|x86.ActiveCfg = Release|x86
		{C5AAB995-1C9E-4781-B02E-3D8D86D277D6}.Release|x86.Build.0 = Release|x86
		{50829B09-147B-4A52-A7BC-084A4078E53E}.Debug|Any CPU.ActiveCfg = Debug|Any CPU
		{50829B09-147B-4A52-A7BC-084A4078E53E}.Debug|Any CPU.Build.0 = Debug|Any CPU
		{50829B09-147B-4A52-A7BC-084A4078E53E}.Debug|Mixed Platforms.ActiveCfg = Debug|x64
		{50829B09-147B-4A52-A7BC-084A4078E53E}.Debug|Mixed Platforms.Build.0 = Debug|x64
		{50829B09-147B-4A52-A7BC-084A4078E53E}.Debug|Win32.ActiveCfg = Debug|x86
		{50829B09-147B-4A52-A7BC-084A4078E53E}.Debug|Win32.Build.0 = Debug|x86
		{50829B09-147B-4A52-A7BC-084A4078E53E}.Debug|x64.ActiveCfg = Debug|x64
		{50829B09-147B-4A52-A7BC-084A4078E53E}.Debug|x64.Build.0 = Debug|x64
		{50829B09-147B-4A52-A7BC-084A4078E53E}.Debug|x86.ActiveCfg = Debug|x86
		{50829B09-147B-4A52-A7BC-084A4078E53E}.Debug|x86.Build.0 = Debug|x86
		{50829B09-147B-4A52-A7BC-084A4078E53E}.Release|Any CPU.ActiveCfg = Release|Any CPU
		{50829B09-147B-4A52-A7BC-084A4078E53E}.Release|Any CPU.Build.0 = Release|Any CPU
		{50829B09-147B-4A52-A7BC-084A4078E53E}.Release|Mixed Platforms.ActiveCfg = Release|Any CPU
		{50829B09-147B-4A52-A7BC-084A4078E53E}.Release|Mixed Platforms.Build.0 = Release|Any CPU
		{50829B09-147B-4A52-A7BC-084A4078E53E}.Release|Win32.ActiveCfg = Release|x86
		{50829B09-147B-4A52-A7BC-084A4078E53E}.Release|Win32.Build.0 = Release|x86
		{50829B09-147B-4A52-A7BC-084A4078E53E}.Release|x64.ActiveCfg = Release|x64
		{50829B09-147B-4A52-A7BC-084A4078E53E}.Release|x64.Build.0 = Release|x64
		{50829B09-147B-4A52-A7BC-084A4078E53E}.Release|x86.ActiveCfg = Release|x86
		{50829B09-147B-4A52-A7BC-084A4078E53E}.Release|x86.Build.0 = Release|x86
		{5FE38647-BDBA-4722-AC72-878EB0A38F1F}.Debug|Any CPU.ActiveCfg = Debug|Any CPU
		{5FE38647-BDBA-4722-AC72-878EB0A38F1F}.Debug|Any CPU.Build.0 = Debug|Any CPU
		{5FE38647-BDBA-4722-AC72-878EB0A38F1F}.Debug|Mixed Platforms.ActiveCfg = Debug|x64
		{5FE38647-BDBA-4722-AC72-878EB0A38F1F}.Debug|Mixed Platforms.Build.0 = Debug|x64
		{5FE38647-BDBA-4722-AC72-878EB0A38F1F}.Debug|Win32.ActiveCfg = Debug|x86
		{5FE38647-BDBA-4722-AC72-878EB0A38F1F}.Debug|Win32.Build.0 = Debug|x86
		{5FE38647-BDBA-4722-AC72-878EB0A38F1F}.Debug|x64.ActiveCfg = Debug|x64
		{5FE38647-BDBA-4722-AC72-878EB0A38F1F}.Debug|x64.Build.0 = Debug|x64
		{5FE38647-BDBA-4722-AC72-878EB0A38F1F}.Debug|x86.ActiveCfg = Debug|x86
		{5FE38647-BDBA-4722-AC72-878EB0A38F1F}.Debug|x86.Build.0 = Debug|x86
		{5FE38647-BDBA-4722-AC72-878EB0A38F1F}.Release|Any CPU.ActiveCfg = Release|Any CPU
		{5FE38647-BDBA-4722-AC72-878EB0A38F1F}.Release|Any CPU.Build.0 = Release|Any CPU
		{5FE38647-BDBA-4722-AC72-878EB0A38F1F}.Release|Mixed Platforms.ActiveCfg = Release|Any CPU
		{5FE38647-BDBA-4722-AC72-878EB0A38F1F}.Release|Mixed Platforms.Build.0 = Release|Any CPU
		{5FE38647-BDBA-4722-AC72-878EB0A38F1F}.Release|Win32.ActiveCfg = Release|x86
		{5FE38647-BDBA-4722-AC72-878EB0A38F1F}.Release|Win32.Build.0 = Release|x86
		{5FE38647-BDBA-4722-AC72-878EB0A38F1F}.Release|x64.ActiveCfg = Release|x64
		{5FE38647-BDBA-4722-AC72-878EB0A38F1F}.Release|x64.Build.0 = Release|x64
		{5FE38647-BDBA-4722-AC72-878EB0A38F1F}.Release|x86.ActiveCfg = Release|x86
		{5FE38647-BDBA-4722-AC72-878EB0A38F1F}.Release|x86.Build.0 = Release|x86
		{F85AC0E7-8663-4DB8-9EDA-E0D4C54EC042}.Debug|Any CPU.ActiveCfg = Debug|Any CPU
		{F85AC0E7-8663-4DB8-9EDA-E0D4C54EC042}.Debug|Any CPU.Build.0 = Debug|Any CPU
		{F85AC0E7-8663-4DB8-9EDA-E0D4C54EC042}.Debug|Mixed Platforms.ActiveCfg = Debug|Any CPU
		{F85AC0E7-8663-4DB8-9EDA-E0D4C54EC042}.Debug|Mixed Platforms.Build.0 = Debug|Any CPU
		{F85AC0E7-8663-4DB8-9EDA-E0D4C54EC042}.Debug|Win32.ActiveCfg = Debug|x86
		{F85AC0E7-8663-4DB8-9EDA-E0D4C54EC042}.Debug|Win32.Build.0 = Debug|x86
		{F85AC0E7-8663-4DB8-9EDA-E0D4C54EC042}.Debug|x64.ActiveCfg = Debug|x64
		{F85AC0E7-8663-4DB8-9EDA-E0D4C54EC042}.Debug|x64.Build.0 = Debug|x64
		{F85AC0E7-8663-4DB8-9EDA-E0D4C54EC042}.Debug|x86.ActiveCfg = Debug|x86
		{F85AC0E7-8663-4DB8-9EDA-E0D4C54EC042}.Debug|x86.Build.0 = Debug|x86
		{F85AC0E7-8663-4DB8-9EDA-E0D4C54EC042}.Release|Any CPU.ActiveCfg = Release|Any CPU
		{F85AC0E7-8663-4DB8-9EDA-E0D4C54EC042}.Release|Any CPU.Build.0 = Release|Any CPU
		{F85AC0E7-8663-4DB8-9EDA-E0D4C54EC042}.Release|Mixed Platforms.ActiveCfg = Release|Any CPU
		{F85AC0E7-8663-4DB8-9EDA-E0D4C54EC042}.Release|Mixed Platforms.Build.0 = Release|Any CPU
		{F85AC0E7-8663-4DB8-9EDA-E0D4C54EC042}.Release|Win32.ActiveCfg = Release|x86
		{F85AC0E7-8663-4DB8-9EDA-E0D4C54EC042}.Release|Win32.Build.0 = Release|x86
		{F85AC0E7-8663-4DB8-9EDA-E0D4C54EC042}.Release|x64.ActiveCfg = Release|Any CPU
		{F85AC0E7-8663-4DB8-9EDA-E0D4C54EC042}.Release|x64.Build.0 = Release|Any CPU
		{F85AC0E7-8663-4DB8-9EDA-E0D4C54EC042}.Release|x86.ActiveCfg = Release|x86
		{F85AC0E7-8663-4DB8-9EDA-E0D4C54EC042}.Release|x86.Build.0 = Release|x86
		{B85F3871-68B9-424F-8996-84FCB907529E}.Debug|Any CPU.ActiveCfg = Debug|x64
		{B85F3871-68B9-424F-8996-84FCB907529E}.Debug|Any CPU.Build.0 = Debug|x64
		{B85F3871-68B9-424F-8996-84FCB907529E}.Debug|Mixed Platforms.ActiveCfg = Debug|x64
		{B85F3871-68B9-424F-8996-84FCB907529E}.Debug|Mixed Platforms.Build.0 = Debug|x64
		{B85F3871-68B9-424F-8996-84FCB907529E}.Debug|Win32.ActiveCfg = Debug|Win32
		{B85F3871-68B9-424F-8996-84FCB907529E}.Debug|Win32.Build.0 = Debug|Win32
		{B85F3871-68B9-424F-8996-84FCB907529E}.Debug|x64.ActiveCfg = Debug|x64
		{B85F3871-68B9-424F-8996-84FCB907529E}.Debug|x64.Build.0 = Debug|x64
		{B85F3871-68B9-424F-8996-84FCB907529E}.Debug|x86.ActiveCfg = Debug|Win32
		{B85F3871-68B9-424F-8996-84FCB907529E}.Debug|x86.Build.0 = Debug|Win32
		{B85F3871-68B9-424F-8996-84FCB907529E}.Release|Any CPU.ActiveCfg = Release|Win32
		{B85F3871-68B9-424F-8996-84FCB907529E}.Release|Mixed Platforms.ActiveCfg = Release|Win32
		{B85F3871-68B9-424F-8996-84FCB907529E}.Release|Mixed Platforms.Build.0 = Release|Win32
		{B85F3871-68B9-424F-8996-84FCB907529E}.Release|Win32.ActiveCfg = Release|Win32
		{B85F3871-68B9-424F-8996-84FCB907529E}.Release|Win32.Build.0 = Release|Win32
		{B85F3871-68B9-424F-8996-84FCB907529E}.Release|x64.ActiveCfg = Release|x64
		{B85F3871-68B9-424F-8996-84FCB907529E}.Release|x64.Build.0 = Release|x64
		{B85F3871-68B9-424F-8996-84FCB907529E}.Release|x86.ActiveCfg = Release|Win32
		{B85F3871-68B9-424F-8996-84FCB907529E}.Release|x86.Build.0 = Release|Win32
		{1D99A284-0657-4948-82D1-042A44B865CD}.Debug|Any CPU.ActiveCfg = Debug|Win32
		{1D99A284-0657-4948-82D1-042A44B865CD}.Debug|Mixed Platforms.ActiveCfg = Debug|x64
		{1D99A284-0657-4948-82D1-042A44B865CD}.Debug|Mixed Platforms.Build.0 = Debug|x64
		{1D99A284-0657-4948-82D1-042A44B865CD}.Debug|Win32.ActiveCfg = Debug|Win32
		{1D99A284-0657-4948-82D1-042A44B865CD}.Debug|Win32.Build.0 = Debug|Win32
		{1D99A284-0657-4948-82D1-042A44B865CD}.Debug|x64.ActiveCfg = Debug|x64
		{1D99A284-0657-4948-82D1-042A44B865CD}.Debug|x64.Build.0 = Debug|x64
		{1D99A284-0657-4948-82D1-042A44B865CD}.Debug|x86.ActiveCfg = Debug|Win32
		{1D99A284-0657-4948-82D1-042A44B865CD}.Debug|x86.Build.0 = Debug|Win32
		{1D99A284-0657-4948-82D1-042A44B865CD}.Release|Any CPU.ActiveCfg = Release|Win32
		{1D99A284-0657-4948-82D1-042A44B865CD}.Release|Mixed Platforms.ActiveCfg = Release|x64
		{1D99A284-0657-4948-82D1-042A44B865CD}.Release|Mixed Platforms.Build.0 = Release|x64
		{1D99A284-0657-4948-82D1-042A44B865CD}.Release|Win32.ActiveCfg = Release|Win32
		{1D99A284-0657-4948-82D1-042A44B865CD}.Release|Win32.Build.0 = Release|Win32
		{1D99A284-0657-4948-82D1-042A44B865CD}.Release|x64.ActiveCfg = Release|x64
		{1D99A284-0657-4948-82D1-042A44B865CD}.Release|x64.Build.0 = Release|x64
		{1D99A284-0657-4948-82D1-042A44B865CD}.Release|x86.ActiveCfg = Release|Win32
		{1D99A284-0657-4948-82D1-042A44B865CD}.Release|x86.Build.0 = Release|Win32
		{3BDC7AF7-675C-4212-9ECA-7915E53343E7}.Debug|Any CPU.ActiveCfg = Debug|Win32
		{3BDC7AF7-675C-4212-9ECA-7915E53343E7}.Debug|Mixed Platforms.ActiveCfg = Debug|x64
		{3BDC7AF7-675C-4212-9ECA-7915E53343E7}.Debug|Mixed Platforms.Build.0 = Debug|x64
		{3BDC7AF7-675C-4212-9ECA-7915E53343E7}.Debug|Win32.ActiveCfg = Debug|Win32
		{3BDC7AF7-675C-4212-9ECA-7915E53343E7}.Debug|Win32.Build.0 = Debug|Win32
		{3BDC7AF7-675C-4212-9ECA-7915E53343E7}.Debug|x64.ActiveCfg = Debug|x64
		{3BDC7AF7-675C-4212-9ECA-7915E53343E7}.Debug|x64.Build.0 = Debug|x64
		{3BDC7AF7-675C-4212-9ECA-7915E53343E7}.Debug|x86.ActiveCfg = Debug|Win32
		{3BDC7AF7-675C-4212-9ECA-7915E53343E7}.Debug|x86.Build.0 = Debug|Win32
		{3BDC7AF7-675C-4212-9ECA-7915E53343E7}.Release|Any CPU.ActiveCfg = Release|Win32
		{3BDC7AF7-675C-4212-9ECA-7915E53343E7}.Release|Mixed Platforms.ActiveCfg = Release|x64
		{3BDC7AF7-675C-4212-9ECA-7915E53343E7}.Release|Mixed Platforms.Build.0 = Release|x64
		{3BDC7AF7-675C-4212-9ECA-7915E53343E7}.Release|Win32.ActiveCfg = Release|Win32
		{3BDC7AF7-675C-4212-9ECA-7915E53343E7}.Release|Win32.Build.0 = Release|Win32
		{3BDC7AF7-675C-4212-9ECA-7915E53343E7}.Release|x64.ActiveCfg = Release|x64
		{3BDC7AF7-675C-4212-9ECA-7915E53343E7}.Release|x64.Build.0 = Release|x64
		{3BDC7AF7-675C-4212-9ECA-7915E53343E7}.Release|x86.ActiveCfg = Release|Win32
		{3BDC7AF7-675C-4212-9ECA-7915E53343E7}.Release|x86.Build.0 = Release|Win32
	EndGlobalSection
	GlobalSection(SolutionProperties) = preSolution
		HideSolutionNode = FALSE
	EndGlobalSection
EndGlobal
